{
  "name": "src",
  "version": "1.0.0",
  "lockfileVersion": 2,
  "requires": true,
  "packages": {
    "": {
      "name": "src",
      "version": "1.0.0",
      "license": "ISC",
      "devDependencies": {
        "@types/jquery": "^3.5.14",
        "typescript": "^5.2.2"
      }
    },
    "node_modules/.pnpm/@types+jquery@3.5.14": {
      "dev": true
    },
    "node_modules/.pnpm/@types+jquery@3.5.14/node_modules/@types/jquery": {
      "version": "3.5.14",
      "dev": true,
      "license": "MIT",
      "dependencies": {
        "@types/sizzle": "*"
      }
    },
    "node_modules/.pnpm/@types+jquery@3.5.14/node_modules/@types/sizzle": {
      "resolved": "node_modules/.pnpm/@types+sizzle@2.3.3/node_modules/@types/sizzle",
      "link": true
    },
    "node_modules/.pnpm/@types+sizzle@2.3.3/node_modules/@types/sizzle": {
      "version": "2.3.3",
      "dev": true,
      "license": "MIT"
    },
    "node_modules/@types/jquery": {
      "resolved": "node_modules/.pnpm/@types+jquery@3.5.14/node_modules/@types/jquery",
      "link": true
    },
    "node_modules/typescript": {
      "version": "5.2.2",
      "resolved": "https://registry.npmjs.org/typescript/-/typescript-5.2.2.tgz",
      "integrity": "sha512-mI4WrpHsbCIcwT9cF4FZvr80QUeKvsUsUvKDoR+X/7XHQH98xYD8YHZg7ANtz2GtZt/CBq2QJ0thkGJMHfqc1w==",
      "dev": true,
      "bin": {
        "tsc": "bin/tsc",
        "tsserver": "bin/tsserver"
      },
      "engines": {
        "node": ">=14.17"
      }
    }
  },
  "dependencies": {
    "@types/jquery": {
      "version": "file:node_modules/.pnpm/@types+jquery@3.5.14/node_modules/@types/jquery",
      "requires": {
        "@types/sizzle": "*"
      }
    },
    "typescript": {
      "version": "5.2.2",
      "resolved": "https://registry.npmjs.org/typescript/-/typescript-5.2.2.tgz",
      "integrity": "sha512-mI4WrpHsbCIcwT9cF4FZvr80QUeKvsUsUvKDoR+X/7XHQH98xYD8YHZg7ANtz2GtZt/CBq2QJ0thkGJMHfqc1w==",
      "dev": true
    }
  }
}
